// !$*UTF8*$!
{
	archiveVersion = 1;
	classes = {
	};
	objectVersion = 55;
	objects = {

/* Begin PBXBuildFile section */
		79629DC02824C10F009D3257 /* CircularLinkedList-1.c in Sources */ = {isa = PBXBuildFile; fileRef = 79285AFD281850A2000B4EED /* CircularLinkedList-1.c */; };
/* End PBXBuildFile section */

/* Begin PBXCopyFilesBuildPhase section */
		79285ABF280C084C000B4EED /* CopyFiles */ = {
			isa = PBXCopyFilesBuildPhase;
			buildActionMask = 2147483647;
			dstPath = /usr/share/man/man1/;
			dstSubfolderSpec = 0;
			files = (
			);
			runOnlyForDeploymentPostprocessing = 1;
		};
/* End PBXCopyFilesBuildPhase section */

/* Begin PBXFileReference section */
		79285AC1280C084C000B4EED /* 자료구조_실습_연결리스트 */ = {isa = PBXFileReference; explicitFileType = "compiled.mach-o.executable"; includeInIndex = 0; path = "자료구조_실습_연결리스트"; sourceTree = BUILT_PRODUCTS_DIR; };
		79285AC4280C084C000B4EED /* 1.c */ = {isa = PBXFileReference; lastKnownFileType = sourcecode.c.c; path = 1.c; sourceTree = "<group>"; };
		79285ACC280D9898000B4EED /* LinkedList.c */ = {isa = PBXFileReference; lastKnownFileType = sourcecode.c.c; path = LinkedList.c; sourceTree = "<group>"; };
		79285ACF280DA556000B4EED /* 1-1.c */ = {isa = PBXFileReference; lastKnownFileType = sourcecode.c.c; path = "1-1.c"; sourceTree = "<group>"; };
		79285AD1280DA836000B4EED /* 2.c */ = {isa = PBXFileReference; lastKnownFileType = sourcecode.c.c; path = 2.c; sourceTree = "<group>"; };
		79285AD928114562000B4EED /* linkedlist-1.c */ = {isa = PBXFileReference; lastKnownFileType = sourcecode.c.c; path = "linkedlist-1.c"; sourceTree = "<group>"; };
		79285ADE28117282000B4EED /* DoubleLinkedList.c */ = {isa = PBXFileReference; lastKnownFileType = sourcecode.c.c; path = DoubleLinkedList.c; sourceTree = "<group>"; };
		79285AE728128FEC000B4EED /* DoubleLinkedList-1.c */ = {isa = PBXFileReference; lastKnownFileType = sourcecode.c.c; path = "DoubleLinkedList-1.c"; sourceTree = "<group>"; };
		79285AF62817FB23000B4EED /* CircularLinkedList.c */ = {isa = PBXFileReference; lastKnownFileType = sourcecode.c.c; path = CircularLinkedList.c; sourceTree = "<group>"; };
		79285AFD281850A2000B4EED /* CircularLinkedList-1.c */ = {isa = PBXFileReference; lastKnownFileType = sourcecode.c.c; path = "CircularLinkedList-1.c"; sourceTree = "<group>"; };
/* End PBXFileReference section */

/* Begin PBXFrameworksBuildPhase section */
		79285ABE280C084C000B4EED /* Frameworks */ = {
			isa = PBXFrameworksBuildPhase;
			buildActionMask = 2147483647;
			files = (
			);
			runOnlyForDeploymentPostprocessing = 0;
		};
/* End PBXFrameworksBuildPhase section */

/* Begin PBXGroup section */
		79285AB8280C084C000B4EED = {
			isa = PBXGroup;
			children = (
				79285AC3280C084C000B4EED /* 자료구조_실습_연결리스트 */,
				79285AC2280C084C000B4EED /* Products */,
			);
			sourceTree = "<group>";
		};
		79285AC2280C084C000B4EED /* Products */ = {
			isa = PBXGroup;
			children = (
				79285AC1280C084C000B4EED /* 자료구조_실습_연결리스트 */,
			);
			name = Products;
			sourceTree = "<group>";
		};
		79285AC3280C084C000B4EED /* 자료구조_실습_연결리스트 */ = {
			isa = PBXGroup;
			children = (
				79285AC4280C084C000B4EED /* 1.c */,
				79285ACF280DA556000B4EED /* 1-1.c */,
				79285AD1280DA836000B4EED /* 2.c */,
				79285AD928114562000B4EED /* linkedlist-1.c */,
				79285AE728128FEC000B4EED /* DoubleLinkedList-1.c */,
				79285AFD281850A2000B4EED /* CircularLinkedList-1.c */,
				79285ACC280D9898000B4EED /* LinkedList.c */,
				79285ADE28117282000B4EED /* DoubleLinkedList.c */,
				79285AF62817FB23000B4EED /* CircularLinkedList.c */,
			);
			path = "자료구조_실습_연결리스트";
			sourceTree = "<group>";
		};
/* End PBXGroup section */

/* Begin PBXNativeTarget section */
		79285AC0280C084C000B4EED /* 자료구조_실습_연결리스트 */ = {
			isa = PBXNativeTarget;
			buildConfigurationList = 79285AC8280C084C000B4EED /* Build configuration list for PBXNativeTarget "자료구조_실습_연결리스트" */;
			buildPhases = (
				79285ABD280C084C000B4EED /* Sources */,
				79285ABE280C084C000B4EED /* Frameworks */,
				79285ABF280C084C000B4EED /* CopyFiles */,
			);
			buildRules = (
			);
			dependencies = (
			);
			name = "자료구조_실습_연결리스트";
			productName = "자료구조_실습_연결리스트";
			productReference = 79285AC1280C084C000B4EED /* 자료구조_실습_연결리스트 */;
			productType = "com.apple.product-type.tool";
		};
/* End PBXNativeTarget section */

/* Begin PBXProject section */
		79285AB9280C084C000B4EED /* Project object */ = {
			isa = PBXProject;
			attributes = {
				BuildIndependentTargetsInParallel = 1;
				LastUpgradeCheck = 1330;
				TargetAttributes = {
					79285AC0280C084C000B4EED = {
						CreatedOnToolsVersion = 13.3;
					};
				};
			};
			buildConfigurationList = 79285ABC280C084C000B4EED /* Build configuration list for PBXProject "자료구조_실습_연결리스트" */;
			compatibilityVersion = "Xcode 13.0";
			developmentRegion = en;
			hasScannedForEncodings = 0;
			knownRegions = (
				en,
				Base,
			);
			mainGroup = 79285AB8280C084C000B4EED;
			productRefGroup = 79285AC2280C084C000B4EED /* Products */;
			projectDirPath = "";
			projectRoot = "";
			targets = (
				79285AC0280C084C000B4EED /* 자료구조_실습_연결리스트 */,
			);
		};
/* End PBXProject section */

/* Begin PBXSourcesBuildPhase section */
		79285ABD280C084C000B4EED /* Sources */ = {
			isa = PBXSourcesBuildPhase;
			buildActionMask = 2147483647;
			files = (
				79629DC02824C10F009D3257 /* CircularLinkedList-1.c in Sources */,
			);
			runOnlyForDeploymentPostprocessing = 0;
		};
/* End PBXSourcesBuildPhase section */

/* Begin XCBuildConfiguration section */
		79285AC6280C084C000B4EED /* Debug */ = {
			isa = XCBuildConfiguration;
			buildSettings = {
				ALWAYS_SEARCH_USER_PATHS = NO;
				CLANG_ANALYZER_NONNULL = YES;
				CLANG_ANALYZER_NUMBER_OBJECT_CONVERSION = YES_AGGRESSIVE;
				CLANG_CXX_LANGUAGE_STANDARD = "gnu++17";
				CLANG_ENABLE_MODULES = YES;
				CLANG_ENABLE_OBJC_ARC = YES;
				CLANG_ENABLE_OBJC_WEAK = YES;
				CLANG_WARN_BLOCK_CAPTURE_AUTORELEASING = YES;
				CLANG_WARN_BOOL_CONVERSION = YES;
				CLANG_WARN_COMMA = YES;
				CLANG_WARN_CONSTANT_CONVERSION = YES;
				CLANG_WARN_DEPRECATED_OBJC_IMPLEMENTATIONS = YES;
				CLANG_WARN_DIRECT_OBJC_ISA_USAGE = YES_ERROR;
				CLANG_WARN_DOCUMENTATION_COMMENTS = YES;
				CLANG_WARN_EMPTY_BODY = YES;
				CLANG_WARN_ENUM_CONVERSION = YES;
				CLANG_WARN_INFINITE_RECURSION = YES;
				CLANG_WARN_INT_CONVERSION = YES;
				CLANG_WARN_NON_LITERAL_NULL_CONVERSION = YES;
				CLANG_WARN_OBJC_IMPLICIT_RETAIN_SELF = YES;
				CLANG_WARN_OBJC_LITERAL_CONVERSION = YES;
				CLANG_WARN_OBJC_ROOT_CLASS = YES_ERROR;
				CLANG_WARN_QUOTED_INCLUDE_IN_FRAMEWORK_HEADER = YES;
				CLANG_WARN_RANGE_LOOP_ANALYSIS = YES;
				CLANG_WARN_STRICT_PROTOTYPES = YES;
				CLANG_WARN_SUSPICIOUS_MOVE = YES;
				CLANG_WARN_UNGUARDED_AVAILABILITY = YES_AGGRESSIVE;
				CLANG_WARN_UNREACHABLE_CODE = YES;
				CLANG_WARN__DUPLICATE_METHOD_MATCH = YES;
				COPY_PHASE_STRIP = NO;
				DEBUG_INFORMATION_FORMAT = dwarf;
				ENABLE_STRICT_OBJC_MSGSEND = YES;
				ENABLE_TESTABILITY = YES;
				GCC_C_LANGUAGE_STANDARD = gnu11;
				GCC_DYNAMIC_NO_PIC = NO;
				GCC_NO_COMMON_BLOCKS = YES;
				GCC_OPTIMIZATION_LEVEL = 0;
				GCC_PREPROCESSOR_DEFINITIONS = (
					"DEBUG=1",
					"$(inherited)",
				);
				GCC_WARN_64_TO_32_BIT_CONVERSION = YES;
				GCC_WARN_ABOUT_RETURN_TYPE = YES_ERROR;
				GCC_WARN_UNDECLARED_SELECTOR = YES;
				GCC_WARN_UNINITIALIZED_AUTOS = YES_AGGRESSIVE;
				GCC_WARN_UNUSED_FUNCTION = YES;
				GCC_WARN_UNUSED_VARIABLE = YES;
				MACOSX_DEPLOYMENT_TARGET = 12.3;
				MTL_ENABLE_DEBUG_INFO = INCLUDE_SOURCE;
				MTL_FAST_MATH = YES;
				ONLY_ACTIVE_ARCH = YES;
				SDKROOT = macosx;
			};
			name = Debug;
		};
		79285AC7280C084C000B4EED /* Release */ = {
			isa = XCBuildConfiguration;
			buildSettings = {
				ALWAYS_SEARCH_USER_PATHS = NO;
				CLANG_ANALYZER_NONNULL = YES;
				CLANG_ANALYZER_NUMBER_OBJECT_CONVERSION = YES_AGGRESSIVE;
				CLANG_CXX_LANGUAGE_STANDARD = "gnu++17";
				CLANG_ENABLE_MODULES = YES;
				CLANG_ENABLE_OBJC_ARC = YES;
				CLANG_ENABLE_OBJC_WEAK = YES;
				CLANG_WARN_BLOCK_CAPTURE_AUTORELEASING = YES;
				CLANG_WARN_BOOL_CONVERSION = YES;
				CLANG_WARN_COMMA = YES;
				CLANG_WARN_CONSTANT_CONVERSION = YES;
				CLANG_WARN_DEPRECATED_OBJC_IMPLEMENTATIONS = YES;
				CLANG_WARN_DIRECT_OBJC_ISA_USAGE = YES_ERROR;
				CLANG_WARN_DOCUMENTATION_COMMENTS = YES;
				CLANG_WARN_EMPTY_BODY = YES;
				CLANG_WARN_ENUM_CONVERSION = YES;
				CLANG_WARN_INFINITE_RECURSION = YES;
				CLANG_WARN_INT_CONVERSION = YES;
				CLANG_WARN_NON_LITERAL_NULL_CONVERSION = YES;
				CLANG_WARN_OBJC_IMPLICIT_RETAIN_SELF = YES;
				CLANG_WARN_OBJC_LITERAL_CONVERSION = YES;
				CLANG_WARN_OBJC_ROOT_CLASS = YES_ERROR;
				CLANG_WARN_QUOTED_INCLUDE_IN_FRAMEWORK_HEADER = YES;
				CLANG_WARN_RANGE_LOOP_ANALYSIS = YES;
				CLANG_WARN_STRICT_PROTOTYPES = YES;
				CLANG_WARN_SUSPICIOUS_MOVE = YES;
				CLANG_WARN_UNGUARDED_AVAILABILITY = YES_AGGRESSIVE;
				CLANG_WARN_UNREACHABLE_CODE = YES;
				CLANG_WARN__DUPLICATE_METHOD_MATCH = YES;
				COPY_PHASE_STRIP = NO;
				DEBUG_INFORMATION_FORMAT = "dwarf-with-dsym";
				ENABLE_NS_ASSERTIONS = NO;
				ENABLE_STRICT_OBJC_MSGSEND = YES;
				GCC_C_LANGUAGE_STANDARD = gnu11;
				GCC_NO_COMMON_BLOCKS = YES;
				GCC_WARN_64_TO_32_BIT_CONVERSION = YES;
				GCC_WARN_ABOUT_RETURN_TYPE = YES_ERROR;
				GCC_WARN_UNDECLARED_SELECTOR = YES;
				GCC_WARN_UNINITIALIZED_AUTOS = YES_AGGRESSIVE;
				GCC_WARN_UNUSED_FUNCTION = YES;
				GCC_WARN_UNUSED_VARIABLE = YES;
				MACOSX_DEPLOYMENT_TARGET = 12.3;
				MTL_ENABLE_DEBUG_INFO = NO;
				MTL_FAST_MATH = YES;
				SDKROOT = macosx;
			};
			name = Release;
		};
		79285AC9280C084C000B4EED /* Debug */ = {
			isa = XCBuildConfiguration;
			buildSettings = {
				CODE_SIGN_STYLE = Automatic;
				DEVELOPMENT_TEAM = 9487SKDZZB;
				ENABLE_HARDENED_RUNTIME = YES;
				PRODUCT_NAME = "$(TARGET_NAME)";
			};
			name = Debug;
		};
		79285ACA280C084C000B4EED /* Release */ = {
			isa = XCBuildConfiguration;
			buildSettings = {
				CODE_SIGN_STYLE = Automatic;
				DEVELOPMENT_TEAM = 9487SKDZZB;
				ENABLE_HARDENED_RUNTIME = YES;
				PRODUCT_NAME = "$(TARGET_NAME)";
			};
			name = Release;
		};
/* End XCBuildConfiguration section */

/* Begin XCConfigurationList section */
		79285ABC280C084C000B4EED /* Build configuration list for PBXProject "자료구조_실습_연결리스트" */ = {
			isa = XCConfigurationList;
			buildConfigurations = (
				79285AC6280C084C000B4EED /* Debug */,
				79285AC7280C084C000B4EED /* Release */,
			);
			defaultConfigurationIsVisible = 0;
			defaultConfigurationName = Release;
		};
		79285AC8280C084C000B4EED /* Build configuration list for PBXNativeTarget "자료구조_실습_연결리스트" */ = {
			isa = XCConfigurationList;
			buildConfigurations = (
				79285AC9280C084C000B4EED /* Debug */,
				79285ACA280C084C000B4EED /* Release */,
			);
			defaultConfigurationIsVisible = 0;
			defaultConfigurationName = Release;
		};
/* End XCConfigurationList section */
	};
	rootObject = 79285AB9280C084C000B4EED /* Project object */;
}
